// !$*UTF8*$!
{
	archiveVersion = 1;
	classes = {
	};
	objectVersion = 56;
	objects = {

/* Begin PBXBuildFile section */
		BEDB60642ACB083E00E30889 /* AppDelegate.swift in Sources */ = {isa = PBXBuildFile; fileRef = BEDB60632ACB083E00E30889 /* AppDelegate.swift */; };
		BEDB60662ACB083E00E30889 /* SceneDelegate.swift in Sources */ = {isa = PBXBuildFile; fileRef = BEDB60652ACB083E00E30889 /* SceneDelegate.swift */; };
		BEDB60682ACB083E00E30889 /* ViewController.swift in Sources */ = {isa = PBXBuildFile; fileRef = BEDB60672ACB083E00E30889 /* ViewController.swift */; };
		BEDB606B2ACB083E00E30889 /* Main.storyboard in Resources */ = {isa = PBXBuildFile; fileRef = BEDB60692ACB083E00E30889 /* Main.storyboard */; };
		BEDB606D2ACB083F00E30889 /* Assets.xcassets in Resources */ = {isa = PBXBuildFile; fileRef = BEDB606C2ACB083F00E30889 /* Assets.xcassets */; };
		BEDB60702ACB083F00E30889 /* LaunchScreen.storyboard in Resources */ = {isa = PBXBuildFile; fileRef = BEDB606E2ACB083F00E30889 /* LaunchScreen.storyboard */; };
		BEDB607B2ACB083F00E30889 /* FireBaseInstagramCloneTests.swift in Sources */ = {isa = PBXBuildFile; fileRef = BEDB607A2ACB083F00E30889 /* FireBaseInstagramCloneTests.swift */; };
		BEDB60852ACB083F00E30889 /* FireBaseInstagramCloneUITests.swift in Sources */ = {isa = PBXBuildFile; fileRef = BEDB60842ACB083F00E30889 /* FireBaseInstagramCloneUITests.swift */; };
		BEDB60872ACB083F00E30889 /* FireBaseInstagramCloneUITestsLaunchTests.swift in Sources */ = {isa = PBXBuildFile; fileRef = BEDB60862ACB083F00E30889 /* FireBaseInstagramCloneUITestsLaunchTests.swift */; };
/* End PBXBuildFile section */

/* Begin PBXContainerItemProxy section */
		BEDB60772ACB083F00E30889 /* PBXContainerItemProxy */ = {
			isa = PBXContainerItemProxy;
			containerPortal = BEDB60582ACB083E00E30889 /* Project object */;
			proxyType = 1;
			remoteGlobalIDString = BEDB605F2ACB083E00E30889;
			remoteInfo = FireBaseInstagramClone;
		};
		BEDB60812ACB083F00E30889 /* PBXContainerItemProxy */ = {
			isa = PBXContainerItemProxy;
			containerPortal = BEDB60582ACB083E00E30889 /* Project object */;
			proxyType = 1;
			remoteGlobalIDString = BEDB605F2ACB083E00E30889;
			remoteInfo = FireBaseInstagramClone;
		};
/* End PBXContainerItemProxy section */

/* Begin PBXFileReference section */
		BEDB60602ACB083E00E30889 /* FireBaseInstagramClone.app */ = {isa = PBXFileReference; explicitFileType = wrapper.application; includeInIndex = 0; path = FireBaseInstagramClone.app; sourceTree = BUILT_PRODUCTS_DIR; };
		BEDB60632ACB083E00E30889 /* AppDelegate.swift */ = {isa = PBXFileReference; lastKnownFileType = sourcecode.swift; path = AppDelegate.swift; sourceTree = "<group>"; };
		BEDB60652ACB083E00E30889 /* SceneDelegate.swift */ = {isa = PBXFileReference; lastKnownFileType = sourcecode.swift; path = SceneDelegate.swift; sourceTree = "<group>"; };
		BEDB60672ACB083E00E30889 /* ViewController.swift */ = {isa = PBXFileReference; lastKnownFileType = sourcecode.swift; path = ViewController.swift; sourceTree = "<group>"; };
		BEDB606A2ACB083E00E30889 /* Base */ = {isa = PBXFileReference; lastKnownFileType = file.storyboard; name = Base; path = Base.lproj/Main.storyboard; sourceTree = "<group>"; };
		BEDB606C2ACB083F00E30889 /* Assets.xcassets */ = {isa = PBXFileReference; lastKnownFileType = folder.assetcatalog; path = Assets.xcassets; sourceTree = "<group>"; };
		BEDB606F2ACB083F00E30889 /* Base */ = {isa = PBXFileReference; lastKnownFileType = file.storyboard; name = Base; path = Base.lproj/LaunchScreen.storyboard; sourceTree = "<group>"; };
		BEDB60712ACB083F00E30889 /* Info.plist */ = {isa = PBXFileReference; lastKnownFileType = text.plist.xml; path = Info.plist; sourceTree = "<group>"; };
		BEDB60762ACB083F00E30889 /* FireBaseInstagramCloneTests.xctest */ = {isa = PBXFileReference; explicitFileType = wrapper.cfbundle; includeInIndex = 0; path = FireBaseInstagramCloneTests.xctest; sourceTree = BUILT_PRODUCTS_DIR; };
		BEDB607A2ACB083F00E30889 /* FireBaseInstagramCloneTests.swift */ = {isa = PBXFileReference; lastKnownFileType = sourcecode.swift; path = FireBaseInstagramCloneTests.swift; sourceTree = "<group>"; };
		BEDB60802ACB083F00E30889 /* FireBaseInstagramCloneUITests.xctest */ = {isa = PBXFileReference; explicitFileType = wrapper.cfbundle; includeInIndex = 0; path = FireBaseInstagramCloneUITests.xctest; sourceTree = BUILT_PRODUCTS_DIR; };
		BEDB60842ACB083F00E30889 /* FireBaseInstagramCloneUITests.swift */ = {isa = PBXFileReference; lastKnownFileType = sourcecode.swift; path = FireBaseInstagramCloneUITests.swift; sourceTree = "<group>"; };
		BEDB60862ACB083F00E30889 /* FireBaseInstagramCloneUITestsLaunchTests.swift */ = {isa = PBXFileReference; lastKnownFileType = sourcecode.swift; path = FireBaseInstagramCloneUITestsLaunchTests.swift; sourceTree = "<group>"; };
/* End PBXFileReference section */

/* Begin PBXFrameworksBuildPhase section */
		BEDB605D2ACB083E00E30889 /* Frameworks */ = {
			isa = PBXFrameworksBuildPhase;
			buildActionMask = 2147483647;
			files = (
			);
			runOnlyForDeploymentPostprocessing = 0;
		};
		BEDB60732ACB083F00E30889 /* Frameworks */ = {
			isa = PBXFrameworksBuildPhase;
			buildActionMask = 2147483647;
			files = (
			);
			runOnlyForDeploymentPostprocessing = 0;
		};
		BEDB607D2ACB083F00E30889 /* Frameworks */ = {
			isa = PBXFrameworksBuildPhase;
			buildActionMask = 2147483647;
			files = (
			);
			runOnlyForDeploymentPostprocessing = 0;
		};
/* End PBXFrameworksBuildPhase section */

/* Begin PBXGroup section */
		BEDB60572ACB083E00E30889 = {
			isa = PBXGroup;
			children = (
				BEDB60622ACB083E00E30889 /* FireBaseInstagramClone */,
				BEDB60792ACB083F00E30889 /* FireBaseInstagramCloneTests */,
				BEDB60832ACB083F00E30889 /* FireBaseInstagramCloneUITests */,
				BEDB60612ACB083E00E30889 /* Products */,
			);
			sourceTree = "<group>";
		};
		BEDB60612ACB083E00E30889 /* Products */ = {
			isa = PBXGroup;
			children = (
				BEDB60602ACB083E00E30889 /* FireBaseInstagramClone.app */,
				BEDB60762ACB083F00E30889 /* FireBaseInstagramCloneTests.xctest */,
				BEDB60802ACB083F00E30889 /* FireBaseInstagramCloneUITests.xctest */,
			);
			name = Products;
			sourceTree = "<group>";
		};
		BEDB60622ACB083E00E30889 /* FireBaseInstagramClone */ = {
			isa = PBXGroup;
			children = (
				BEDB60632ACB083E00E30889 /* AppDelegate.swift */,
				BEDB60652ACB083E00E30889 /* SceneDelegate.swift */,
				BEDB60672ACB083E00E30889 /* ViewController.swift */,
				BEDB60692ACB083E00E30889 /* Main.storyboard */,
				BEDB606C2ACB083F00E30889 /* Assets.xcassets */,
				BEDB606E2ACB083F00E30889 /* LaunchScreen.storyboard */,
				BEDB60712ACB083F00E30889 /* Info.plist */,
			);
			path = FireBaseInstagramClone;
			sourceTree = "<group>";
		};
		BEDB60792ACB083F00E30889 /* FireBaseInstagramCloneTests */ = {
			isa = PBXGroup;
			children = (
				BEDB607A2ACB083F00E30889 /* FireBaseInstagramCloneTests.swift */,
			);
			path = FireBaseInstagramCloneTests;
			sourceTree = "<group>";
		};
		BEDB60832ACB083F00E30889 /* FireBaseInstagramCloneUITests */ = {
			isa = PBXGroup;
			children = (
				BEDB60842ACB083F00E30889 /* FireBaseInstagramCloneUITests.swift */,
				BEDB60862ACB083F00E30889 /* FireBaseInstagramCloneUITestsLaunchTests.swift */,
			);
			path = FireBaseInstagramCloneUITests;
			sourceTree = "<group>";
		};
/* End PBXGroup section */

/* Begin PBXNativeTarget section */
		BEDB605F2ACB083E00E30889 /* FireBaseInstagramClone */ = {
			isa = PBXNativeTarget;
			buildConfigurationList = BEDB608A2ACB083F00E30889 /* Build configuration list for PBXNativeTarget "FireBaseInstagramClone" */;
			buildPhases = (
				BEDB605C2ACB083E00E30889 /* Sources */,
				BEDB605D2ACB083E00E30889 /* Frameworks */,
				BEDB605E2ACB083E00E30889 /* Resources */,
			);
			buildRules = (
			);
			dependencies = (
			);
			name = FireBaseInstagramClone;
			productName = FireBaseInstagramClone;
			productReference = BEDB60602ACB083E00E30889 /* FireBaseInstagramClone.app */;
			productType = "com.apple.product-type.application";
		};
		BEDB60752ACB083F00E30889 /* FireBaseInstagramCloneTests */ = {
			isa = PBXNativeTarget;
			buildConfigurationList = BEDB608D2ACB083F00E30889 /* Build configuration list for PBXNativeTarget "FireBaseInstagramCloneTests" */;
			buildPhases = (
				BEDB60722ACB083F00E30889 /* Sources */,
				BEDB60732ACB083F00E30889 /* Frameworks */,
				BEDB60742ACB083F00E30889 /* Resources */,
			);
			buildRules = (
			);
			dependencies = (
				BEDB60782ACB083F00E30889 /* PBXTargetDependency */,
			);
			name = FireBaseInstagramCloneTests;
			productName = FireBaseInstagramCloneTests;
			productReference = BEDB60762ACB083F00E30889 /* FireBaseInstagramCloneTests.xctest */;
			productType = "com.apple.product-type.bundle.unit-test";
		};
		BEDB607F2ACB083F00E30889 /* FireBaseInstagramCloneUITests */ = {
			isa = PBXNativeTarget;
			buildConfigurationList = BEDB60902ACB083F00E30889 /* Build configuration list for PBXNativeTarget "FireBaseInstagramCloneUITests" */;
			buildPhases = (
				BEDB607C2ACB083F00E30889 /* Sources */,
				BEDB607D2ACB083F00E30889 /* Frameworks */,
				BEDB607E2ACB083F00E30889 /* Resources */,
			);
			buildRules = (
			);
			dependencies = (
				BEDB60822ACB083F00E30889 /* PBXTargetDependency */,
			);
			name = FireBaseInstagramCloneUITests;
			productName = FireBaseInstagramCloneUITests;
			productReference = BEDB60802ACB083F00E30889 /* FireBaseInstagramCloneUITests.xctest */;
			productType = "com.apple.product-type.bundle.ui-testing";
		};
/* End PBXNativeTarget section */

/* Begin PBXProject section */
		BEDB60582ACB083E00E30889 /* Project object */ = {
			isa = PBXProject;
			attributes = {
				BuildIndependentTargetsInParallel = 1;
				LastSwiftUpdateCheck = 1500;
				LastUpgradeCheck = 1500;
				TargetAttributes = {
					BEDB605F2ACB083E00E30889 = {
						CreatedOnToolsVersion = 15.0;
					};
					BEDB60752ACB083F00E30889 = {
						CreatedOnToolsVersion = 15.0;
						TestTargetID = BEDB605F2ACB083E00E30889;
					};
					BEDB607F2ACB083F00E30889 = {
						CreatedOnToolsVersion = 15.0;
						TestTargetID = BEDB605F2ACB083E00E30889;
					};
				};
			};
			buildConfigurationList = BEDB605B2ACB083E00E30889 /* Build configuration list for PBXProject "FireBaseInstagramClone" */;
			compatibilityVersion = "Xcode 14.0";
			developmentRegion = en;
			hasScannedForEncodings = 0;
			knownRegions = (
				en,
				Base,
			);
			mainGroup = BEDB60572ACB083E00E30889;
			productRefGroup = BEDB60612ACB083E00E30889 /* Products */;
			projectDirPath = "";
			projectRoot = "";
			targets = (
				BEDB605F2ACB083E00E30889 /* FireBaseInstagramClone */,
				BEDB60752ACB083F00E30889 /* FireBaseInstagramCloneTests */,
				BEDB607F2ACB083F00E30889 /* FireBaseInstagramCloneUITests */,
			);
		};
/* End PBXProject section */

/* Begin PBXResourcesBuildPhase section */
		BEDB605E2ACB083E00E30889 /* Resources */ = {
			isa = PBXResourcesBuildPhase;
			buildActionMask = 2147483647;
			files = (
				BEDB60702ACB083F00E30889 /* LaunchScreen.storyboard in Resources */,
				BEDB606D2ACB083F00E30889 /* Assets.xcassets in Resources */,
				BEDB606B2ACB083E00E30889 /* Main.storyboard in Resources */,
			);
			runOnlyForDeploymentPostprocessing = 0;
		};
		BEDB60742ACB083F00E30889 /* Resources */ = {
			isa = PBXResourcesBuildPhase;
			buildActionMask = 2147483647;
			files = (
			);
			runOnlyForDeploymentPostprocessing = 0;
		};
		BEDB607E2ACB083F00E30889 /* Resources */ = {
			isa = PBXResourcesBuildPhase;
			buildActionMask = 2147483647;
			files = (
			);
			runOnlyForDeploymentPostprocessing = 0;
		};
/* End PBXResourcesBuildPhase section */

/* Begin PBXSourcesBuildPhase section */
		BEDB605C2ACB083E00E30889 /* Sources */ = {
			isa = PBXSourcesBuildPhase;
			buildActionMask = 2147483647;
			files = (
				BEDB60682ACB083E00E30889 /* ViewController.swift in Sources */,
				BEDB60642ACB083E00E30889 /* AppDelegate.swift in Sources */,
				BEDB60662ACB083E00E30889 /* SceneDelegate.swift in Sources */,
			);
			runOnlyForDeploymentPostprocessing = 0;
		};
		BEDB60722ACB083F00E30889 /* Sources */ = {
			isa = PBXSourcesBuildPhase;
			buildActionMask = 2147483647;
			files = (
				BEDB607B2ACB083F00E30889 /* FireBaseInstagramCloneTests.swift in Sources */,
			);
			runOnlyForDeploymentPostprocessing = 0;
		};
		BEDB607C2ACB083F00E30889 /* Sources */ = {
			isa = PBXSourcesBuildPhase;
			buildActionMask = 2147483647;
			files = (
				BEDB60872ACB083F00E30889 /* FireBaseInstagramCloneUITestsLaunchTests.swift in Sources */,
				BEDB60852ACB083F00E30889 /* FireBaseInstagramCloneUITests.swift in Sources */,
			);
			runOnlyForDeploymentPostprocessing = 0;
		};
/* End PBXSourcesBuildPhase section */

/* Begin PBXTargetDependency section */
		BEDB60782ACB083F00E30889 /* PBXTargetDependency */ = {
			isa = PBXTargetDependency;
			target = BEDB605F2ACB083E00E30889 /* FireBaseInstagramClone */;
			targetProxy = BEDB60772ACB083F00E30889 /* PBXContainerItemProxy */;
		};
		BEDB60822ACB083F00E30889 /* PBXTargetDependency */ = {
			isa = PBXTargetDependency;
			target = BEDB605F2ACB083E00E30889 /* FireBaseInstagramClone */;
			targetProxy = BEDB60812ACB083F00E30889 /* PBXContainerItemProxy */;
		};
/* End PBXTargetDependency section */

/* Begin PBXVariantGroup section */
		BEDB60692ACB083E00E30889 /* Main.storyboard */ = {
			isa = PBXVariantGroup;
			children = (
				BEDB606A2ACB083E00E30889 /* Base */,
			);
			name = Main.storyboard;
			sourceTree = "<group>";
		};
		BEDB606E2ACB083F00E30889 /* LaunchScreen.storyboard */ = {
			isa = PBXVariantGroup;
			children = (
				BEDB606F2ACB083F00E30889 /* Base */,
			);
			name = LaunchScreen.storyboard;
			sourceTree = "<group>";
		};
/* End PBXVariantGroup section */

/* Begin XCBuildConfiguration section */
		BEDB60882ACB083F00E30889 /* Debug */ = {
			isa = XCBuildConfiguration;
			buildSettings = {
				ALWAYS_SEARCH_USER_PATHS = NO;
				ASSETCATALOG_COMPILER_GENERATE_SWIFT_ASSET_SYMBOL_EXTENSIONS = YES;
				CLANG_ANALYZER_NONNULL = YES;
				CLANG_ANALYZER_NUMBER_OBJECT_CONVERSION = YES_AGGRESSIVE;
				CLANG_CXX_LANGUAGE_STANDARD = "gnu++20";
				CLANG_ENABLE_MODULES = YES;
				CLANG_ENABLE_OBJC_ARC = YES;
				CLANG_ENABLE_OBJC_WEAK = YES;
				CLANG_WARN_BLOCK_CAPTURE_AUTORELEASING = YES;
				CLANG_WARN_BOOL_CONVERSION = YES;
				CLANG_WARN_COMMA = YES;
				CLANG_WARN_CONSTANT_CONVERSION = YES;
				CLANG_WARN_DEPRECATED_OBJC_IMPLEMENTATIONS = YES;
				CLANG_WARN_DIRECT_OBJC_ISA_USAGE = YES_ERROR;
				CLANG_WARN_DOCUMENTATION_COMMENTS = YES;
				CLANG_WARN_EMPTY_BODY = YES;
				CLANG_WARN_ENUM_CONVERSION = YES;
				CLANG_WARN_INFINITE_RECURSION = YES;
				CLANG_WARN_INT_CONVERSION = YES;
				CLANG_WARN_NON_LITERAL_NULL_CONVERSION = YES;
				CLANG_WARN_OBJC_IMPLICIT_RETAIN_SELF = YES;
				CLANG_WARN_OBJC_LITERAL_CONVERSION = YES;
				CLANG_WARN_OBJC_ROOT_CLASS = YES_ERROR;
				CLANG_WARN_QUOTED_INCLUDE_IN_FRAMEWORK_HEADER = YES;
				CLANG_WARN_RANGE_LOOP_ANALYSIS = YES;
				CLANG_WARN_STRICT_PROTOTYPES = YES;
				CLANG_WARN_SUSPICIOUS_MOVE = YES;
				CLANG_WARN_UNGUARDED_AVAILABILITY = YES_AGGRESSIVE;
				CLANG_WARN_UNREACHABLE_CODE = YES;
				CLANG_WARN__DUPLICATE_METHOD_MATCH = YES;
				COPY_PHASE_STRIP = NO;
				DEBUG_INFORMATION_FORMAT = dwarf;
				ENABLE_STRICT_OBJC_MSGSEND = YES;
				ENABLE_TESTABILITY = YES;
				ENABLE_USER_SCRIPT_SANDBOXING = YES;
				GCC_C_LANGUAGE_STANDARD = gnu17;
				GCC_DYNAMIC_NO_PIC = NO;
				GCC_NO_COMMON_BLOCKS = YES;
				GCC_OPTIMIZATION_LEVEL = 0;
				GCC_PREPROCESSOR_DEFINITIONS = (
					"DEBUG=1",
					"$(inherited)",
				);
				GCC_WARN_64_TO_32_BIT_CONVERSION = YES;
				GCC_WARN_ABOUT_RETURN_TYPE = YES_ERROR;
				GCC_WARN_UNDECLARED_SELECTOR = YES;
				GCC_WARN_UNINITIALIZED_AUTOS = YES_AGGRESSIVE;
				GCC_WARN_UNUSED_FUNCTION = YES;
				GCC_WARN_UNUSED_VARIABLE = YES;
				IPHONEOS_DEPLOYMENT_TARGET = 17.0;
				LOCALIZATION_PREFERS_STRING_CATALOGS = YES;
				MTL_ENABLE_DEBUG_INFO = INCLUDE_SOURCE;
				MTL_FAST_MATH = YES;
				ONLY_ACTIVE_ARCH = YES;
				SDKROOT = iphoneos;
				SWIFT_ACTIVE_COMPILATION_CONDITIONS = "DEBUG $(inherited)";
				SWIFT_OPTIMIZATION_LEVEL = "-Onone";
			};
			name = Debug;
		};
		BEDB60892ACB083F00E30889 /* Release */ = {
			isa = XCBuildConfiguration;
			buildSettings = {
				ALWAYS_SEARCH_USER_PATHS = NO;
				ASSETCATALOG_COMPILER_GENERATE_SWIFT_ASSET_SYMBOL_EXTENSIONS = YES;
				CLANG_ANALYZER_NONNULL = YES;
				CLANG_ANALYZER_NUMBER_OBJECT_CONVERSION = YES_AGGRESSIVE;
				CLANG_CXX_LANGUAGE_STANDARD = "gnu++20";
				CLANG_ENABLE_MODULES = YES;
				CLANG_ENABLE_OBJC_ARC = YES;
				CLANG_ENABLE_OBJC_WEAK = YES;
				CLANG_WARN_BLOCK_CAPTURE_AUTORELEASING = YES;
				CLANG_WARN_BOOL_CONVERSION = YES;
				CLANG_WARN_COMMA = YES;
				CLANG_WARN_CONSTANT_CONVERSION = YES;
				CLANG_WARN_DEPRECATED_OBJC_IMPLEMENTATIONS = YES;
				CLANG_WARN_DIRECT_OBJC_ISA_USAGE = YES_ERROR;
				CLANG_WARN_DOCUMENTATION_COMMENTS = YES;
				CLANG_WARN_EMPTY_BODY = YES;
				CLANG_WARN_ENUM_CONVERSION = YES;
				CLANG_WARN_INFINITE_RECURSION = YES;
				CLANG_WARN_INT_CONVERSION = YES;
				CLANG_WARN_NON_LITERAL_NULL_CONVERSION = YES;
				CLANG_WARN_OBJC_IMPLICIT_RETAIN_SELF = YES;
				CLANG_WARN_OBJC_LITERAL_CONVERSION = YES;
				CLANG_WARN_OBJC_ROOT_CLASS = YES_ERROR;
				CLANG_WARN_QUOTED_INCLUDE_IN_FRAMEWORK_HEADER = YES;
				CLANG_WARN_RANGE_LOOP_ANALYSIS = YES;
				CLANG_WARN_STRICT_PROTOTYPES = YES;
				CLANG_WARN_SUSPICIOUS_MOVE = YES;
				CLANG_WARN_UNGUARDED_AVAILABILITY = YES_AGGRESSIVE;
				CLANG_WARN_UNREACHABLE_CODE = YES;
				CLANG_WARN__DUPLICATE_METHOD_MATCH = YES;
				COPY_PHASE_STRIP = NO;
				DEBUG_INFORMATION_FORMAT = "dwarf-with-dsym";
				ENABLE_NS_ASSERTIONS = NO;
				ENABLE_STRICT_OBJC_MSGSEND = YES;
				ENABLE_USER_SCRIPT_SANDBOXING = YES;
				GCC_C_LANGUAGE_STANDARD = gnu17;
				GCC_NO_COMMON_BLOCKS = YES;
				GCC_WARN_64_TO_32_BIT_CONVERSION = YES;
				GCC_WARN_ABOUT_RETURN_TYPE = YES_ERROR;
				GCC_WARN_UNDECLARED_SELECTOR = YES;
				GCC_WARN_UNINITIALIZED_AUTOS = YES_AGGRESSIVE;
				GCC_WARN_UNUSED_FUNCTION = YES;
				GCC_WARN_UNUSED_VARIABLE = YES;
				IPHONEOS_DEPLOYMENT_TARGET = 17.0;
				LOCALIZATION_PREFERS_STRING_CATALOGS = YES;
				MTL_ENABLE_DEBUG_INFO = NO;
				MTL_FAST_MATH = YES;
				SDKROOT = iphoneos;
				SWIFT_COMPILATION_MODE = wholemodule;
				VALIDATE_PRODUCT = YES;
			};
			name = Release;
		};
		BEDB608B2ACB083F00E30889 /* Debug */ = {
			isa = XCBuildConfiguration;
			buildSettings = {
				ASSETCATALOG_COMPILER_APPICON_NAME = AppIcon;
				ASSETCATALOG_COMPILER_GLOBAL_ACCENT_COLOR_NAME = AccentColor;
				CODE_SIGN_STYLE = Automatic;
				CURRENT_PROJECT_VERSION = 1;
				DEVELOPMENT_TEAM = 3Z54M2MYY2;
				GENERATE_INFOPLIST_FILE = YES;
				INFOPLIST_FILE = FireBaseInstagramClone/Info.plist;
				INFOPLIST_KEY_UIApplicationSupportsIndirectInputEvents = YES;
				INFOPLIST_KEY_UILaunchStoryboardName = LaunchScreen;
				INFOPLIST_KEY_UIMainStoryboardFile = Main;
				INFOPLIST_KEY_UISupportedInterfaceOrientations_iPad = "UIInterfaceOrientationPortrait UIInterfaceOrientationPortraitUpsideDown UIInterfaceOrientationLandscapeLeft UIInterfaceOrientationLandscapeRight";
				INFOPLIST_KEY_UISupportedInterfaceOrientations_iPhone = "UIInterfaceOrientationPortrait UIInterfaceOrientationLandscapeLeft UIInterfaceOrientationLandscapeRight";
				LD_RUNPATH_SEARCH_PATHS = (
					"$(inherited)",
					"@executable_path/Frameworks",
				);
				MARKETING_VERSION = 1.0;
				PRODUCT_BUNDLE_IDENTIFIER = com.berkayozbb.FireBaseInstagramClone;
				PRODUCT_NAME = "$(TARGET_NAME)";
				SWIFT_EMIT_LOC_STRINGS = YES;
				SWIFT_VERSION = 5.0;
				TARGETED_DEVICE_FAMILY = "1,2";
			};
			name = Debug;
		};
		BEDB608C2ACB083F00E30889 /* Release */ = {
			isa = XCBuildConfiguration;
			buildSettings = {
				ASSETCATALOG_COMPILER_APPICON_NAME = AppIcon;
				ASSETCATALOG_COMPILER_GLOBAL_ACCENT_COLOR_NAME = AccentColor;
				CODE_SIGN_STYLE = Automatic;
				CURRENT_PROJECT_VERSION = 1;
				DEVELOPMENT_TEAM = 3Z54M2MYY2;
				GENERATE_INFOPLIST_FILE = YES;
				INFOPLIST_FILE = FireBaseInstagramClone/Info.plist;
				INFOPLIST_KEY_UIApplicationSupportsIndirectInputEvents = YES;
				INFOPLIST_KEY_UILaunchStoryboardName = LaunchScreen;
				INFOPLIST_KEY_UIMainStoryboardFile = Main;
				INFOPLIST_KEY_UISupportedInterfaceOrientations_iPad = "UIInterfaceOrientationPortrait UIInterfaceOrientationPortraitUpsideDown UIInterfaceOrientationLandscapeLeft UIInterfaceOrientationLandscapeRight";
				INFOPLIST_KEY_UISupportedInterfaceOrientations_iPhone = "UIInterfaceOrientationPortrait UIInterfaceOrientationLandscapeLeft UIInterfaceOrientationLandscapeRight";
				LD_RUNPATH_SEARCH_PATHS = (
					"$(inherited)",
					"@executable_path/Frameworks",
				);
				MARKETING_VERSION = 1.0;
				PRODUCT_BUNDLE_IDENTIFIER = com.berkayozbb.FireBaseInstagramClone;
				PRODUCT_NAME = "$(TARGET_NAME)";
				SWIFT_EMIT_LOC_STRINGS = YES;
				SWIFT_VERSION = 5.0;
				TARGETED_DEVICE_FAMILY = "1,2";
			};
			name = Release;
		};
		BEDB608E2ACB083F00E30889 /* Debug */ = {
			isa = XCBuildConfiguration;
			buildSettings = {
				ALWAYS_EMBED_SWIFT_STANDARD_LIBRARIES = YES;
				BUNDLE_LOADER = "$(TEST_HOST)";
				CODE_SIGN_STYLE = Automatic;
				CURRENT_PROJECT_VERSION = 1;
				DEVELOPMENT_TEAM = 3Z54M2MYY2;
				GENERATE_INFOPLIST_FILE = YES;
				IPHONEOS_DEPLOYMENT_TARGET = 17.0;
				MARKETING_VERSION = 1.0;
				PRODUCT_BUNDLE_IDENTIFIER = com.berkayozbb.FireBaseInstagramCloneTests;
				PRODUCT_NAME = "$(TARGET_NAME)";
				SWIFT_EMIT_LOC_STRINGS = NO;
				SWIFT_VERSION = 5.0;
				TARGETED_DEVICE_FAMILY = "1,2";
				TEST_HOST = "$(BUILT_PRODUCTS_DIR)/FireBaseInstagramClone.app/$(BUNDLE_EXECUTABLE_FOLDER_PATH)/FireBaseInstagramClone";
			};
			name = Debug;
		};
		BEDB608F2ACB083F00E30889 /* Release */ = {
			isa = XCBuildConfiguration;
			buildSettings = {
				ALWAYS_EMBED_SWIFT_STANDARD_LIBRARIES = YES;
				BUNDLE_LOADER = "$(TEST_HOST)";
				CODE_SIGN_STYLE = Automatic;
				CURRENT_PROJECT_VERSION = 1;
				DEVELOPMENT_TEAM = 3Z54M2MYY2;
				GENERATE_INFOPLIST_FILE = YES;
				IPHONEOS_DEPLOYMENT_TARGET = 17.0;
				MARKETING_VERSION = 1.0;
				PRODUCT_BUNDLE_IDENTIFIER = com.berkayozbb.FireBaseInstagramCloneTests;
				PRODUCT_NAME = "$(TARGET_NAME)";
				SWIFT_EMIT_LOC_STRINGS = NO;
				SWIFT_VERSION = 5.0;
				TARGETED_DEVICE_FAMILY = "1,2";
				TEST_HOST = "$(BUILT_PRODUCTS_DIR)/FireBaseInstagramClone.app/$(BUNDLE_EXECUTABLE_FOLDER_PATH)/FireBaseInstagramClone";
			};
			name = Release;
		};
		BEDB60912ACB083F00E30889 /* Debug */ = {
			isa = XCBuildConfiguration;
			buildSettings = {
				ALWAYS_EMBED_SWIFT_STANDARD_LIBRARIES = YES;
				CODE_SIGN_STYLE = Automatic;
				CURRENT_PROJECT_VERSION = 1;
				DEVELOPMENT_TEAM = 3Z54M2MYY2;
				GENERATE_INFOPLIST_FILE = YES;
				MARKETING_VERSION = 1.0;
				PRODUCT_BUNDLE_IDENTIFIER = com.berkayozbb.FireBaseInstagramCloneUITests;
				PRODUCT_NAME = "$(TARGET_NAME)";
				SWIFT_EMIT_LOC_STRINGS = NO;
				SWIFT_VERSION = 5.0;
				TARGETED_DEVICE_FAMILY = "1,2";
				TEST_TARGET_NAME = FireBaseInstagramClone;
			};
			name = Debug;
		};
		BEDB60922ACB083F00E30889 /* Release */ = {
			isa = XCBuildConfiguration;
			buildSettings = {
				ALWAYS_EMBED_SWIFT_STANDARD_LIBRARIES = YES;
				CODE_SIGN_STYLE = Automatic;
				CURRENT_PROJECT_VERSION = 1;
				DEVELOPMENT_TEAM = 3Z54M2MYY2;
				GENERATE_INFOPLIST_FILE = YES;
				MARKETING_VERSION = 1.0;
				PRODUCT_BUNDLE_IDENTIFIER = com.berkayozbb.FireBaseInstagramCloneUITests;
				PRODUCT_NAME = "$(TARGET_NAME)";
				SWIFT_EMIT_LOC_STRINGS = NO;
				SWIFT_VERSION = 5.0;
				TARGETED_DEVICE_FAMILY = "1,2";
				TEST_TARGET_NAME = FireBaseInstagramClone;
			};
			name = Release;
		};
/* End XCBuildConfiguration section */

/* Begin XCConfigurationList section */
		BEDB605B2ACB083E00E30889 /* Build configuration list for PBXProject "FireBaseInstagramClone" */ = {
			isa = XCConfigurationList;
			buildConfigurations = (
				BEDB60882ACB083F00E30889 /* Debug */,
				BEDB60892ACB083F00E30889 /* Release */,
			);
			defaultConfigurationIsVisible = 0;
			defaultConfigurationName = Release;
		};
		BEDB608A2ACB083F00E30889 /* Build configuration list for PBXNativeTarget "FireBaseInstagramClone" */ = {
			isa = XCConfigurationList;
			buildConfigurations = (
				BEDB608B2ACB083F00E30889 /* Debug */,
				BEDB608C2ACB083F00E30889 /* Release */,
			);
			defaultConfigurationIsVisible = 0;
			defaultConfigurationName = Release;
		};
		BEDB608D2ACB083F00E30889 /* Build configuration list for PBXNativeTarget "FireBaseInstagramCloneTests" */ = {
			isa = XCConfigurationList;
			buildConfigurations = (
				BEDB608E2ACB083F00E30889 /* Debug */,
				BEDB608F2ACB083F00E30889 /* Release */,
			);
			defaultConfigurationIsVisible = 0;
			defaultConfigurationName = Release;
		};
		BEDB60902ACB083F00E30889 /* Build configuration list for PBXNativeTarget "FireBaseInstagramCloneUITests" */ = {
			isa = XCConfigurationList;
			buildConfigurations = (
				BEDB60912ACB083F00E30889 /* Debug */,
				BEDB60922ACB083F00E30889 /* Release */,
			);
			defaultConfigurationIsVisible = 0;
			defaultConfigurationName = Release;
		};
/* End XCConfigurationList section */
	};
	rootObject = BEDB60582ACB083E00E30889 /* Project object */;
}
